
Microsoft Visual Studio Solution File, Format Version 12.00
# Visual Studio 2013
VisualStudioVersion = 12.0.30723.0
MinimumVisualStudioVersion = 10.0.40219.1
Project("{FAE04EC0-301F-11D3-BF4B-00C04F79EFBC}") = "versity.web", "versity.web\versity.web.csproj", "{57DC63A8-CF1C-4213-833E-6D52B50BE5B5}"
EndProject
Project("{2150E333-8FDC-42A3-9474-1A3956D46DE8}") = "PublishScripts", "PublishScripts", "{71DC1171-E7F1-490E-AD5F-D70343E84250}"
	ProjectSection(SolutionItems) = preProject
		PublishScripts\AzureWebsitePublishModule.psm1 = PublishScripts\AzureWebsitePublishModule.psm1
		PublishScripts\Publish-WebApplicationWebsite.ps1 = PublishScripts\Publish-WebApplicationWebsite.ps1
	EndProjectSection
EndProject
Project("{2150E333-8FDC-42A3-9474-1A3956D46DE8}") = "Configurations", "Configurations", "{B9F72C05-F04B-4EAF-8DF9-9F51F5C2928F}"
	ProjectSection(SolutionItems) = preProject
		PublishScripts\Configurations\versity-WAWS-dev.json = PublishScripts\Configurations\versity-WAWS-dev.json
	EndProjectSection
EndProject
Project("{2150E333-8FDC-42A3-9474-1A3956D46DE8}") = ".nuget", ".nuget", "{BE42E706-7ABE-4473-BC25-43B5CDA1F5DB}"
	ProjectSection(SolutionItems) = preProject
		.nuget\packages.config = .nuget\packages.config
	EndProjectSection
EndProject
Project("{FAE04EC0-301F-11D3-BF4B-00C04F79EFBC}") = "versity.web.tests", "versity.tests\versity.web.tests.csproj", "{DC149643-3310-4281-B8A6-99D18B0CA019}"
EndProject
Project("{FAE04EC0-301F-11D3-BF4B-00C04F79EFBC}") = "versity.data", "versity.data\versity.data.csproj", "{72D3FCDB-BD74-4C6C-8073-8F47D2BFD00A}"
EndProject
Project("{2150E333-8FDC-42A3-9474-1A3956D46DE8}") = "Production", "Production", "{9E879AA3-9960-4A8A-A378-B4A9D850B591}"
EndProject
Project("{2150E333-8FDC-42A3-9474-1A3956D46DE8}") = "Tests", "Tests", "{A438D2BB-AC33-4B5E-9E17-86B31C99830C}"
EndProject
Project("{FAE04EC0-301F-11D3-BF4B-00C04F79EFBC}") = "versity.data.tests", "versity.data.tests\versity.data.tests.csproj", "{E0E52661-1118-483F-BDC7-3CCFEFB1B538}"
EndProject
Project("{2150E333-8FDC-42A3-9474-1A3956D46DE8}") = "Mobile", "Mobile", "{C091890B-C77E-48D6-9EA5-26201F6CB5A0}"
EndProject
Project("{FAE04EC0-301F-11D3-BF4B-00C04F79EFBC}") = "versity.iOS", "versity.iOS\versity.iOS.csproj", "{A22787BB-C151-40E6-A31B-B7A448D9C049}"
EndProject
Global
	GlobalSection(SolutionConfigurationPlatforms) = preSolution
		Ad-Hoc|Any CPU = Ad-Hoc|Any CPU
		Ad-Hoc|iPhone = Ad-Hoc|iPhone
		Ad-Hoc|iPhoneSimulator = Ad-Hoc|iPhoneSimulator
		Ad-Hoc|Mixed Platforms = Ad-Hoc|Mixed Platforms
		AppStore|Any CPU = AppStore|Any CPU
		AppStore|iPhone = AppStore|iPhone
		AppStore|iPhoneSimulator = AppStore|iPhoneSimulator
		AppStore|Mixed Platforms = AppStore|Mixed Platforms
		Debug|Any CPU = Debug|Any CPU
		Debug|iPhone = Debug|iPhone
		Debug|iPhoneSimulator = Debug|iPhoneSimulator
		Debug|Mixed Platforms = Debug|Mixed Platforms
		Release|Any CPU = Release|Any CPU
		Release|iPhone = Release|iPhone
		Release|iPhoneSimulator = Release|iPhoneSimulator
		Release|Mixed Platforms = Release|Mixed Platforms
	EndGlobalSection
	GlobalSection(ProjectConfigurationPlatforms) = postSolution
		{57DC63A8-CF1C-4213-833E-6D52B50BE5B5}.Ad-Hoc|Any CPU.ActiveCfg = Release|Any CPU
		{57DC63A8-CF1C-4213-833E-6D52B50BE5B5}.Ad-Hoc|Any CPU.Build.0 = Release|Any CPU
		{57DC63A8-CF1C-4213-833E-6D52B50BE5B5}.Ad-Hoc|iPhone.ActiveCfg = Release|Any CPU
		{57DC63A8-CF1C-4213-833E-6D52B50BE5B5}.Ad-Hoc|iPhoneSimulator.ActiveCfg = Release|Any CPU
		{57DC63A8-CF1C-4213-833E-6D52B50BE5B5}.Ad-Hoc|Mixed Platforms.ActiveCfg = Release|Any CPU
		{57DC63A8-CF1C-4213-833E-6D52B50BE5B5}.Ad-Hoc|Mixed Platforms.Build.0 = Release|Any CPU
		{57DC63A8-CF1C-4213-833E-6D52B50BE5B5}.AppStore|Any CPU.ActiveCfg = Release|Any CPU
		{57DC63A8-CF1C-4213-833E-6D52B50BE5B5}.AppStore|Any CPU.Build.0 = Release|Any CPU
		{57DC63A8-CF1C-4213-833E-6D52B50BE5B5}.AppStore|iPhone.ActiveCfg = Release|Any CPU
		{57DC63A8-CF1C-4213-833E-6D52B50BE5B5}.AppStore|iPhoneSimulator.ActiveCfg = Release|Any CPU
		{57DC63A8-CF1C-4213-833E-6D52B50BE5B5}.AppStore|Mixed Platforms.ActiveCfg = Release|Any CPU
		{57DC63A8-CF1C-4213-833E-6D52B50BE5B5}.AppStore|Mixed Platforms.Build.0 = Release|Any CPU
		{57DC63A8-CF1C-4213-833E-6D52B50BE5B5}.Debug|Any CPU.ActiveCfg = Debug|Any CPU
		{57DC63A8-CF1C-4213-833E-6D52B50BE5B5}.Debug|Any CPU.Build.0 = Debug|Any CPU
		{57DC63A8-CF1C-4213-833E-6D52B50BE5B5}.Debug|iPhone.ActiveCfg = Debug|Any CPU
		{57DC63A8-CF1C-4213-833E-6D52B50BE5B5}.Debug|iPhoneSimulator.ActiveCfg = Debug|Any CPU
		{57DC63A8-CF1C-4213-833E-6D52B50BE5B5}.Debug|Mixed Platforms.ActiveCfg = Debug|Any CPU
		{57DC63A8-CF1C-4213-833E-6D52B50BE5B5}.Debug|Mixed Platforms.Build.0 = Debug|Any CPU
		{57DC63A8-CF1C-4213-833E-6D52B50BE5B5}.Release|Any CPU.ActiveCfg = Release|Any CPU
		{57DC63A8-CF1C-4213-833E-6D52B50BE5B5}.Release|Any CPU.Build.0 = Release|Any CPU
		{57DC63A8-CF1C-4213-833E-6D52B50BE5B5}.Release|iPhone.ActiveCfg = Release|Any CPU
		{57DC63A8-CF1C-4213-833E-6D52B50BE5B5}.Release|iPhoneSimulator.ActiveCfg = Release|Any CPU
		{57DC63A8-CF1C-4213-833E-6D52B50BE5B5}.Release|Mixed Platforms.ActiveCfg = Release|Any CPU
		{57DC63A8-CF1C-4213-833E-6D52B50BE5B5}.Release|Mixed Platforms.Build.0 = Release|Any CPU
		{DC149643-3310-4281-B8A6-99D18B0CA019}.Ad-Hoc|Any CPU.ActiveCfg = Release|Any CPU
		{DC149643-3310-4281-B8A6-99D18B0CA019}.Ad-Hoc|Any CPU.Build.0 = Release|Any CPU
		{DC149643-3310-4281-B8A6-99D18B0CA019}.Ad-Hoc|iPhone.ActiveCfg = Release|Any CPU
		{DC149643-3310-4281-B8A6-99D18B0CA019}.Ad-Hoc|iPhoneSimulator.ActiveCfg = Release|Any CPU
		{DC149643-3310-4281-B8A6-99D18B0CA019}.Ad-Hoc|Mixed Platforms.ActiveCfg = Release|Any CPU
		{DC149643-3310-4281-B8A6-99D18B0CA019}.Ad-Hoc|Mixed Platforms.Build.0 = Release|Any CPU
		{DC149643-3310-4281-B8A6-99D18B0CA019}.AppStore|Any CPU.ActiveCfg = Release|Any CPU
		{DC149643-3310-4281-B8A6-99D18B0CA019}.AppStore|Any CPU.Build.0 = Release|Any CPU
		{DC149643-3310-4281-B8A6-99D18B0CA019}.AppStore|iPhone.ActiveCfg = Release|Any CPU
		{DC149643-3310-4281-B8A6-99D18B0CA019}.AppStore|iPhoneSimulator.ActiveCfg = Release|Any CPU
		{DC149643-3310-4281-B8A6-99D18B0CA019}.AppStore|Mixed Platforms.ActiveCfg = Release|Any CPU
		{DC149643-3310-4281-B8A6-99D18B0CA019}.AppStore|Mixed Platforms.Build.0 = Release|Any CPU
		{DC149643-3310-4281-B8A6-99D18B0CA019}.Debug|Any CPU.ActiveCfg = Debug|Any CPU
		{DC149643-3310-4281-B8A6-99D18B0CA019}.Debug|Any CPU.Build.0 = Debug|Any CPU
		{DC149643-3310-4281-B8A6-99D18B0CA019}.Debug|iPhone.ActiveCfg = Debug|Any CPU
		{DC149643-3310-4281-B8A6-99D18B0CA019}.Debug|iPhoneSimulator.ActiveCfg = Debug|Any CPU
		{DC149643-3310-4281-B8A6-99D18B0CA019}.Debug|Mixed Platforms.ActiveCfg = Debug|Any CPU
		{DC149643-3310-4281-B8A6-99D18B0CA019}.Debug|Mixed Platforms.Build.0 = Debug|Any CPU
		{DC149643-3310-4281-B8A6-99D18B0CA019}.Release|Any CPU.ActiveCfg = Release|Any CPU
		{DC149643-3310-4281-B8A6-99D18B0CA019}.Release|Any CPU.Build.0 = Release|Any CPU
		{DC149643-3310-4281-B8A6-99D18B0CA019}.Release|iPhone.ActiveCfg = Release|Any CPU
		{DC149643-3310-4281-B8A6-99D18B0CA019}.Release|iPhoneSimulator.ActiveCfg = Release|Any CPU
		{DC149643-3310-4281-B8A6-99D18B0CA019}.Release|Mixed Platforms.ActiveCfg = Release|Any CPU
		{DC149643-3310-4281-B8A6-99D18B0CA019}.Release|Mixed Platforms.Build.0 = Release|Any CPU
		{72D3FCDB-BD74-4C6C-8073-8F47D2BFD00A}.Ad-Hoc|Any CPU.ActiveCfg = Release|Any CPU
		{72D3FCDB-BD74-4C6C-8073-8F47D2BFD00A}.Ad-Hoc|Any CPU.Build.0 = Release|Any CPU
		{72D3FCDB-BD74-4C6C-8073-8F47D2BFD00A}.Ad-Hoc|iPhone.ActiveCfg = Release|Any CPU
		{72D3FCDB-BD74-4C6C-8073-8F47D2BFD00A}.Ad-Hoc|iPhoneSimulator.ActiveCfg = Release|Any CPU
		{72D3FCDB-BD74-4C6C-8073-8F47D2BFD00A}.Ad-Hoc|Mixed Platforms.ActiveCfg = Release|Any CPU
		{72D3FCDB-BD74-4C6C-8073-8F47D2BFD00A}.Ad-Hoc|Mixed Platforms.Build.0 = Release|Any CPU
		{72D3FCDB-BD74-4C6C-8073-8F47D2BFD00A}.AppStore|Any CPU.ActiveCfg = Release|Any CPU
		{72D3FCDB-BD74-4C6C-8073-8F47D2BFD00A}.AppStore|Any CPU.Build.0 = Release|Any CPU
		{72D3FCDB-BD74-4C6C-8073-8F47D2BFD00A}.AppStore|iPhone.ActiveCfg = Release|Any CPU
		{72D3FCDB-BD74-4C6C-8073-8F47D2BFD00A}.AppStore|iPhoneSimulator.ActiveCfg = Release|Any CPU
		{72D3FCDB-BD74-4C6C-8073-8F47D2BFD00A}.AppStore|Mixed Platforms.ActiveCfg = Release|Any CPU
		{72D3FCDB-BD74-4C6C-8073-8F47D2BFD00A}.AppStore|Mixed Platforms.Build.0 = Release|Any CPU
		{72D3FCDB-BD74-4C6C-8073-8F47D2BFD00A}.Debug|Any CPU.ActiveCfg = Debug|Any CPU
		{72D3FCDB-BD74-4C6C-8073-8F47D2BFD00A}.Debug|Any CPU.Build.0 = Debug|Any CPU
		{72D3FCDB-BD74-4C6C-8073-8F47D2BFD00A}.Debug|iPhone.ActiveCfg = Debug|Any CPU
		{72D3FCDB-BD74-4C6C-8073-8F47D2BFD00A}.Debug|iPhoneSimulator.ActiveCfg = Debug|Any CPU
		{72D3FCDB-BD74-4C6C-8073-8F47D2BFD00A}.Debug|Mixed Platforms.ActiveCfg = Debug|Any CPU
		{72D3FCDB-BD74-4C6C-8073-8F47D2BFD00A}.Debug|Mixed Platforms.Build.0 = Debug|Any CPU
		{72D3FCDB-BD74-4C6C-8073-8F47D2BFD00A}.Release|Any CPU.ActiveCfg = Release|Any CPU
		{72D3FCDB-BD74-4C6C-8073-8F47D2BFD00A}.Release|Any CPU.Build.0 = Release|Any CPU
		{72D3FCDB-BD74-4C6C-8073-8F47D2BFD00A}.Release|iPhone.ActiveCfg = Release|Any CPU
		{72D3FCDB-BD74-4C6C-8073-8F47D2BFD00A}.Release|iPhoneSimulator.ActiveCfg = Release|Any CPU
		{72D3FCDB-BD74-4C6C-8073-8F47D2BFD00A}.Release|Mixed Platforms.ActiveCfg = Release|Any CPU
		{72D3FCDB-BD74-4C6C-8073-8F47D2BFD00A}.Release|Mixed Platforms.Build.0 = Release|Any CPU
		{E0E52661-1118-483F-BDC7-3CCFEFB1B538}.Ad-Hoc|Any CPU.ActiveCfg = Release|Any CPU
		{E0E52661-1118-483F-BDC7-3CCFEFB1B538}.Ad-Hoc|Any CPU.Build.0 = Release|Any CPU
		{E0E52661-1118-483F-BDC7-3CCFEFB1B538}.Ad-Hoc|iPhone.ActiveCfg = Release|Any CPU
		{E0E52661-1118-483F-BDC7-3CCFEFB1B538}.Ad-Hoc|iPhoneSimulator.ActiveCfg = Release|Any CPU
		{E0E52661-1118-483F-BDC7-3CCFEFB1B538}.Ad-Hoc|Mixed Platforms.ActiveCfg = Release|Any CPU
		{E0E52661-1118-483F-BDC7-3CCFEFB1B538}.Ad-Hoc|Mixed Platforms.Build.0 = Release|Any CPU
		{E0E52661-1118-483F-BDC7-3CCFEFB1B538}.AppStore|Any CPU.ActiveCfg = Release|Any CPU
		{E0E52661-1118-483F-BDC7-3CCFEFB1B538}.AppStore|Any CPU.Build.0 = Release|Any CPU
		{E0E52661-1118-483F-BDC7-3CCFEFB1B538}.AppStore|iPhone.ActiveCfg = Release|Any CPU
		{E0E52661-1118-483F-BDC7-3CCFEFB1B538}.AppStore|iPhoneSimulator.ActiveCfg = Release|Any CPU
		{E0E52661-1118-483F-BDC7-3CCFEFB1B538}.AppStore|Mixed Platforms.ActiveCfg = Release|Any CPU
		{E0E52661-1118-483F-BDC7-3CCFEFB1B538}.AppStore|Mixed Platforms.Build.0 = Release|Any CPU
		{E0E52661-1118-483F-BDC7-3CCFEFB1B538}.Debug|Any CPU.ActiveCfg = Debug|Any CPU
		{E0E52661-1118-483F-BDC7-3CCFEFB1B538}.Debug|Any CPU.Build.0 = Debug|Any CPU
		{E0E52661-1118-483F-BDC7-3CCFEFB1B538}.Debug|iPhone.ActiveCfg = Debug|Any CPU
		{E0E52661-1118-483F-BDC7-3CCFEFB1B538}.Debug|iPhoneSimulator.ActiveCfg = Debug|Any CPU
		{E0E52661-1118-483F-BDC7-3CCFEFB1B538}.Debug|Mixed Platforms.ActiveCfg = Debug|Any CPU
		{E0E52661-1118-483F-BDC7-3CCFEFB1B538}.Debug|Mixed Platforms.Build.0 = Debug|Any CPU
		{E0E52661-1118-483F-BDC7-3CCFEFB1B538}.Release|Any CPU.ActiveCfg = Release|Any CPU
		{E0E52661-1118-483F-BDC7-3CCFEFB1B538}.Release|Any CPU.Build.0 = Release|Any CPU
		{E0E52661-1118-483F-BDC7-3CCFEFB1B538}.Release|iPhone.ActiveCfg = Release|Any CPU
		{E0E52661-1118-483F-BDC7-3CCFEFB1B538}.Release|iPhoneSimulator.ActiveCfg = Release|Any CPU
		{E0E52661-1118-483F-BDC7-3CCFEFB1B538}.Release|Mixed Platforms.ActiveCfg = Release|Any CPU
		{E0E52661-1118-483F-BDC7-3CCFEFB1B538}.Release|Mixed Platforms.Build.0 = Release|Any CPU
		{A22787BB-C151-40E6-A31B-B7A448D9C049}.Ad-Hoc|Any CPU.ActiveCfg = Ad-Hoc|iPhone
		{A22787BB-C151-40E6-A31B-B7A448D9C049}.Ad-Hoc|iPhone.ActiveCfg = Ad-Hoc|iPhone
		{A22787BB-C151-40E6-A31B-B7A448D9C049}.Ad-Hoc|iPhone.Build.0 = Ad-Hoc|iPhone
		{A22787BB-C151-40E6-A31B-B7A448D9C049}.Ad-Hoc|iPhone.Deploy.0 = Ad-Hoc|iPhone
		{A22787BB-C151-40E6-A31B-B7A448D9C049}.Ad-Hoc|iPhoneSimulator.ActiveCfg = Ad-Hoc|iPhoneSimulator
		{A22787BB-C151-40E6-A31B-B7A448D9C049}.Ad-Hoc|iPhoneSimulator.Build.0 = Ad-Hoc|iPhoneSimulator
		{A22787BB-C151-40E6-A31B-B7A448D9C049}.Ad-Hoc|iPhoneSimulator.Deploy.0 = Ad-Hoc|iPhoneSimulator
		{A22787BB-C151-40E6-A31B-B7A448D9C049}.Ad-Hoc|Mixed Platforms.ActiveCfg = Ad-Hoc|iPhone
		{A22787BB-C151-40E6-A31B-B7A448D9C049}.Ad-Hoc|Mixed Platforms.Build.0 = Ad-Hoc|iPhone
		{A22787BB-C151-40E6-A31B-B7A448D9C049}.Ad-Hoc|Mixed Platforms.Deploy.0 = Ad-Hoc|iPhone
		{A22787BB-C151-40E6-A31B-B7A448D9C049}.AppStore|Any CPU.ActiveCfg = AppStore|iPhone
		{A22787BB-C151-40E6-A31B-B7A448D9C049}.AppStore|iPhone.ActiveCfg = AppStore|iPhone
		{A22787BB-C151-40E6-A31B-B7A448D9C049}.AppStore|iPhone.Build.0 = AppStore|iPhone
		{A22787BB-C151-40E6-A31B-B7A448D9C049}.AppStore|iPhone.Deploy.0 = AppStore|iPhone
		{A22787BB-C151-40E6-A31B-B7A448D9C049}.AppStore|iPhoneSimulator.ActiveCfg = AppStore|iPhoneSimulator
		{A22787BB-C151-40E6-A31B-B7A448D9C049}.AppStore|iPhoneSimulator.Build.0 = AppStore|iPhoneSimulator
		{A22787BB-C151-40E6-A31B-B7A448D9C049}.AppStore|iPhoneSimulator.Deploy.0 = AppStore|iPhoneSimulator
		{A22787BB-C151-40E6-A31B-B7A448D9C049}.AppStore|Mixed Platforms.ActiveCfg = AppStore|iPhone
		{A22787BB-C151-40E6-A31B-B7A448D9C049}.AppStore|Mixed Platforms.Build.0 = AppStore|iPhone
		{A22787BB-C151-40E6-A31B-B7A448D9C049}.AppStore|Mixed Platforms.Deploy.0 = AppStore|iPhone
		{A22787BB-C151-40E6-A31B-B7A448D9C049}.Debug|Any CPU.ActiveCfg = Debug|iPhone
		{A22787BB-C151-40E6-A31B-B7A448D9C049}.Debug|iPhone.ActiveCfg = Debug|iPhone
		{A22787BB-C151-40E6-A31B-B7A448D9C049}.Debug|iPhone.Build.0 = Debug|iPhone
		{A22787BB-C151-40E6-A31B-B7A448D9C049}.Debug|iPhone.Deploy.0 = Debug|iPhone
		{A22787BB-C151-40E6-A31B-B7A448D9C049}.Debug|iPhoneSimulator.ActiveCfg = Debug|iPhoneSimulator
		{A22787BB-C151-40E6-A31B-B7A448D9C049}.Debug|iPhoneSimulator.Build.0 = Debug|iPhoneSimulator
		{A22787BB-C151-40E6-A31B-B7A448D9C049}.Debug|iPhoneSimulator.Deploy.0 = Debug|iPhoneSimulator
		{A22787BB-C151-40E6-A31B-B7A448D9C049}.Debug|Mixed Platforms.ActiveCfg = Debug|iPhone
		{A22787BB-C151-40E6-A31B-B7A448D9C049}.Debug|Mixed Platforms.Build.0 = Debug|iPhone
		{A22787BB-C151-40E6-A31B-B7A448D9C049}.Debug|Mixed Platforms.Deploy.0 = Debug|iPhone
		{A22787BB-C151-40E6-A31B-B7A448D9C049}.Release|Any CPU.ActiveCfg = Release|iPhone
		{A22787BB-C151-40E6-A31B-B7A448D9C049}.Release|iPhone.ActiveCfg = Release|iPhone
		{A22787BB-C151-40E6-A31B-B7A448D9C049}.Release|iPhone.Build.0 = Release|iPhone
		{A22787BB-C151-40E6-A31B-B7A448D9C049}.Release|iPhone.Deploy.0 = Release|iPhone
		{A22787BB-C151-40E6-A31B-B7A448D9C049}.Release|iPhoneSimulator.ActiveCfg = Release|iPhoneSimulator
		{A22787BB-C151-40E6-A31B-B7A448D9C049}.Release|iPhoneSimulator.Build.0 = Release|iPhoneSimulator
		{A22787BB-C151-40E6-A31B-B7A448D9C049}.Release|iPhoneSimulator.Deploy.0 = Release|iPhoneSimulator
		{A22787BB-C151-40E6-A31B-B7A448D9C049}.Release|Mixed Platforms.ActiveCfg = Release|iPhone
		{A22787BB-C151-40E6-A31B-B7A448D9C049}.Release|Mixed Platforms.Build.0 = Release|iPhone
		{A22787BB-C151-40E6-A31B-B7A448D9C049}.Release|Mixed Platforms.Deploy.0 = Release|iPhone
	EndGlobalSection
	GlobalSection(SolutionProperties) = preSolution
		HideSolutionNode = FALSE
	EndGlobalSection
	GlobalSection(NestedProjects) = preSolution
		{57DC63A8-CF1C-4213-833E-6D52B50BE5B5} = {9E879AA3-9960-4A8A-A378-B4A9D850B591}
		{B9F72C05-F04B-4EAF-8DF9-9F51F5C2928F} = {71DC1171-E7F1-490E-AD5F-D70343E84250}
		{DC149643-3310-4281-B8A6-99D18B0CA019} = {A438D2BB-AC33-4B5E-9E17-86B31C99830C}
		{72D3FCDB-BD74-4C6C-8073-8F47D2BFD00A} = {9E879AA3-9960-4A8A-A378-B4A9D850B591}
		{E0E52661-1118-483F-BDC7-3CCFEFB1B538} = {A438D2BB-AC33-4B5E-9E17-86B31C99830C}
		{A22787BB-C151-40E6-A31B-B7A448D9C049} = {C091890B-C77E-48D6-9EA5-26201F6CB5A0}
	EndGlobalSection
EndGlobal
